// !$*UTF8*$!
{
	archiveVersion = 1;
	classes = {
	};
	objectVersion = 46;
	objects = {

/* Begin PBXBuildFile section */
		B617F68F19B9288D009EC7D3 /* AppDelegate.swift in Sources */ = {isa = PBXBuildFile; fileRef = B617F68E19B9288D009EC7D3 /* AppDelegate.swift */; };
		B617F69119B9288D009EC7D3 /* ViewController.swift in Sources */ = {isa = PBXBuildFile; fileRef = B617F69019B9288D009EC7D3 /* ViewController.swift */; };
		B617F69419B9288D009EC7D3 /* Main.storyboard in Resources */ = {isa = PBXBuildFile; fileRef = B617F69219B9288D009EC7D3 /* Main.storyboard */; };
		B617F69619B9288D009EC7D3 /* Images.xcassets in Resources */ = {isa = PBXBuildFile; fileRef = B617F69519B9288D009EC7D3 /* Images.xcassets */; };
		B617F6A219B9288E009EC7D3 /* FacebookTests.swift in Sources */ = {isa = PBXBuildFile; fileRef = B617F6A119B9288E009EC7D3 /* FacebookTests.swift */; };
		B617F6AC19B92F6E009EC7D3 /* FeedViewController.swift in Sources */ = {isa = PBXBuildFile; fileRef = B617F6AB19B92F6E009EC7D3 /* FeedViewController.swift */; };
		B617F6AE19B93439009EC7D3 /* RequestsViewController.swift in Sources */ = {isa = PBXBuildFile; fileRef = B617F6AD19B93439009EC7D3 /* RequestsViewController.swift */; };
		B617F6B019B93440009EC7D3 /* MessagesViewController.swift in Sources */ = {isa = PBXBuildFile; fileRef = B617F6AF19B93440009EC7D3 /* MessagesViewController.swift */; };
		B617F6B219B93447009EC7D3 /* NotificationsViewController.swift in Sources */ = {isa = PBXBuildFile; fileRef = B617F6B119B93447009EC7D3 /* NotificationsViewController.swift */; };
		B617F6B419B9344B009EC7D3 /* MoreViewController.swift in Sources */ = {isa = PBXBuildFile; fileRef = B617F6B319B9344B009EC7D3 /* MoreViewController.swift */; };
		B617F6B619B938E8009EC7D3 /* DetailViewController.swift in Sources */ = {isa = PBXBuildFile; fileRef = B617F6B519B938E8009EC7D3 /* DetailViewController.swift */; };
		B617F6B819B940FE009EC7D3 /* StatusViewController.swift in Sources */ = {isa = PBXBuildFile; fileRef = B617F6B719B940FE009EC7D3 /* StatusViewController.swift */; };
		B69FB89319BD736E00EC560F /* PhotoViewController.swift in Sources */ = {isa = PBXBuildFile; fileRef = B69FB89219BD736E00EC560F /* PhotoViewController.swift */; };
		B69FB89519BD769500EC560F /* CheckInViewController.swift in Sources */ = {isa = PBXBuildFile; fileRef = B69FB89419BD769500EC560F /* CheckInViewController.swift */; };
/* End PBXBuildFile section */

/* Begin PBXContainerItemProxy section */
		B617F69C19B9288D009EC7D3 /* PBXContainerItemProxy */ = {
			isa = PBXContainerItemProxy;
			containerPortal = B617F68119B9288D009EC7D3 /* Project object */;
			proxyType = 1;
			remoteGlobalIDString = B617F68819B9288D009EC7D3;
			remoteInfo = Facebook;
		};
/* End PBXContainerItemProxy section */

/* Begin PBXFileReference section */
		B617F68919B9288D009EC7D3 /* Facebook.app */ = {isa = PBXFileReference; explicitFileType = wrapper.application; includeInIndex = 0; path = Facebook.app; sourceTree = BUILT_PRODUCTS_DIR; };
		B617F68D19B9288D009EC7D3 /* Info.plist */ = {isa = PBXFileReference; lastKnownFileType = text.plist.xml; path = Info.plist; sourceTree = "<group>"; };
		B617F68E19B9288D009EC7D3 /* AppDelegate.swift */ = {isa = PBXFileReference; lastKnownFileType = sourcecode.swift; path = AppDelegate.swift; sourceTree = "<group>"; };
		B617F69019B9288D009EC7D3 /* ViewController.swift */ = {isa = PBXFileReference; lastKnownFileType = sourcecode.swift; path = ViewController.swift; sourceTree = "<group>"; };
		B617F69319B9288D009EC7D3 /* Base */ = {isa = PBXFileReference; lastKnownFileType = file.storyboard; name = Base; path = Base.lproj/Main.storyboard; sourceTree = "<group>"; };
		B617F69519B9288D009EC7D3 /* Images.xcassets */ = {isa = PBXFileReference; lastKnownFileType = folder.assetcatalog; path = Images.xcassets; sourceTree = "<group>"; };
		B617F69B19B9288D009EC7D3 /* FacebookTests.xctest */ = {isa = PBXFileReference; explicitFileType = wrapper.cfbundle; includeInIndex = 0; path = FacebookTests.xctest; sourceTree = BUILT_PRODUCTS_DIR; };
		B617F6A019B9288D009EC7D3 /* Info.plist */ = {isa = PBXFileReference; lastKnownFileType = text.plist.xml; path = Info.plist; sourceTree = "<group>"; };
		B617F6A119B9288E009EC7D3 /* FacebookTests.swift */ = {isa = PBXFileReference; lastKnownFileType = sourcecode.swift; path = FacebookTests.swift; sourceTree = "<group>"; };
		B617F6AB19B92F6E009EC7D3 /* FeedViewController.swift */ = {isa = PBXFileReference; fileEncoding = 4; lastKnownFileType = sourcecode.swift; path = FeedViewController.swift; sourceTree = "<group>"; };
		B617F6AD19B93439009EC7D3 /* RequestsViewController.swift */ = {isa = PBXFileReference; fileEncoding = 4; lastKnownFileType = sourcecode.swift; path = RequestsViewController.swift; sourceTree = "<group>"; };
		B617F6AF19B93440009EC7D3 /* MessagesViewController.swift */ = {isa = PBXFileReference; fileEncoding = 4; lastKnownFileType = sourcecode.swift; path = MessagesViewController.swift; sourceTree = "<group>"; };
		B617F6B119B93447009EC7D3 /* NotificationsViewController.swift */ = {isa = PBXFileReference; fileEncoding = 4; lastKnownFileType = sourcecode.swift; path = NotificationsViewController.swift; sourceTree = "<group>"; };
		B617F6B319B9344B009EC7D3 /* MoreViewController.swift */ = {isa = PBXFileReference; fileEncoding = 4; lastKnownFileType = sourcecode.swift; path = MoreViewController.swift; sourceTree = "<group>"; };
		B617F6B519B938E8009EC7D3 /* DetailViewController.swift */ = {isa = PBXFileReference; fileEncoding = 4; lastKnownFileType = sourcecode.swift; path = DetailViewController.swift; sourceTree = "<group>"; };
		B617F6B719B940FE009EC7D3 /* StatusViewController.swift */ = {isa = PBXFileReference; fileEncoding = 4; lastKnownFileType = sourcecode.swift; path = StatusViewController.swift; sourceTree = "<group>"; };
		B69FB89219BD736E00EC560F /* PhotoViewController.swift */ = {isa = PBXFileReference; fileEncoding = 4; lastKnownFileType = sourcecode.swift; path = PhotoViewController.swift; sourceTree = "<group>"; };
		B69FB89419BD769500EC560F /* CheckInViewController.swift */ = {isa = PBXFileReference; fileEncoding = 4; lastKnownFileType = sourcecode.swift; path = CheckInViewController.swift; sourceTree = "<group>"; };
/* End PBXFileReference section */

/* Begin PBXFrameworksBuildPhase section */
		B617F68619B9288D009EC7D3 /* Frameworks */ = {
			isa = PBXFrameworksBuildPhase;
			buildActionMask = 2147483647;
			files = (
			);
			runOnlyForDeploymentPostprocessing = 0;
		};
		B617F69819B9288D009EC7D3 /* Frameworks */ = {
			isa = PBXFrameworksBuildPhase;
			buildActionMask = 2147483647;
			files = (
			);
			runOnlyForDeploymentPostprocessing = 0;
		};
/* End PBXFrameworksBuildPhase section */

/* Begin PBXGroup section */
		B617F68019B9288D009EC7D3 = {
			isa = PBXGroup;
			children = (
				B617F68B19B9288D009EC7D3 /* Facebook */,
				B617F69E19B9288D009EC7D3 /* FacebookTests */,
				B617F68A19B9288D009EC7D3 /* Products */,
			);
			sourceTree = "<group>";
		};
		B617F68A19B9288D009EC7D3 /* Products */ = {
			isa = PBXGroup;
			children = (
				B617F68919B9288D009EC7D3 /* Facebook.app */,
				B617F69B19B9288D009EC7D3 /* FacebookTests.xctest */,
			);
			name = Products;
			sourceTree = "<group>";
		};
		B617F68B19B9288D009EC7D3 /* Facebook */ = {
			isa = PBXGroup;
			children = (
				B617F68E19B9288D009EC7D3 /* AppDelegate.swift */,
				B617F69019B9288D009EC7D3 /* ViewController.swift */,
				B617F6AD19B93439009EC7D3 /* RequestsViewController.swift */,
				B617F6B119B93447009EC7D3 /* NotificationsViewController.swift */,
				B617F6AF19B93440009EC7D3 /* MessagesViewController.swift */,
				B69FB89419BD769500EC560F /* CheckInViewController.swift */,
				B617F6B719B940FE009EC7D3 /* StatusViewController.swift */,
				B69FB89219BD736E00EC560F /* PhotoViewController.swift */,
				B617F6B319B9344B009EC7D3 /* MoreViewController.swift */,
				B617F69219B9288D009EC7D3 /* Main.storyboard */,
				B617F6B519B938E8009EC7D3 /* DetailViewController.swift */,
				B617F6AB19B92F6E009EC7D3 /* FeedViewController.swift */,
				B617F69519B9288D009EC7D3 /* Images.xcassets */,
				B617F68C19B9288D009EC7D3 /* Supporting Files */,
			);
			path = Facebook;
			sourceTree = "<group>";
		};
		B617F68C19B9288D009EC7D3 /* Supporting Files */ = {
			isa = PBXGroup;
			children = (
				B617F68D19B9288D009EC7D3 /* Info.plist */,
			);
			name = "Supporting Files";
			sourceTree = "<group>";
		};
		B617F69E19B9288D009EC7D3 /* FacebookTests */ = {
			isa = PBXGroup;
			children = (
				B617F6A119B9288E009EC7D3 /* FacebookTests.swift */,
				B617F69F19B9288D009EC7D3 /* Supporting Files */,
			);
			path = FacebookTests;
			sourceTree = "<group>";
		};
		B617F69F19B9288D009EC7D3 /* Supporting Files */ = {
			isa = PBXGroup;
			children = (
				B617F6A019B9288D009EC7D3 /* Info.plist */,
			);
			name = "Supporting Files";
			sourceTree = "<group>";
		};
/* End PBXGroup section */

/* Begin PBXNativeTarget section */
		B617F68819B9288D009EC7D3 /* Facebook */ = {
			isa = PBXNativeTarget;
			buildConfigurationList = B617F6A519B9288E009EC7D3 /* Build configuration list for PBXNativeTarget "Facebook" */;
			buildPhases = (
				B617F68519B9288D009EC7D3 /* Sources */,
				B617F68619B9288D009EC7D3 /* Frameworks */,
				B617F68719B9288D009EC7D3 /* Resources */,
			);
			buildRules = (
			);
			dependencies = (
			);
			name = Facebook;
			productName = Facebook;
			productReference = B617F68919B9288D009EC7D3 /* Facebook.app */;
			productType = "com.apple.product-type.application";
		};
		B617F69A19B9288D009EC7D3 /* FacebookTests */ = {
			isa = PBXNativeTarget;
			buildConfigurationList = B617F6A819B9288E009EC7D3 /* Build configuration list for PBXNativeTarget "FacebookTests" */;
			buildPhases = (
				B617F69719B9288D009EC7D3 /* Sources */,
				B617F69819B9288D009EC7D3 /* Frameworks */,
				B617F69919B9288D009EC7D3 /* Resources */,
			);
			buildRules = (
			);
			dependencies = (
				B617F69D19B9288D009EC7D3 /* PBXTargetDependency */,
			);
			name = FacebookTests;
			productName = FacebookTests;
			productReference = B617F69B19B9288D009EC7D3 /* FacebookTests.xctest */;
			productType = "com.apple.product-type.bundle.unit-test";
		};
/* End PBXNativeTarget section */

/* Begin PBXProject section */
		B617F68119B9288D009EC7D3 /* Project object */ = {
			isa = PBXProject;
			attributes = {
				LastUpgradeCheck = 0600;
				ORGANIZATIONNAME = "Sam Julian";
				TargetAttributes = {
					B617F68819B9288D009EC7D3 = {
						CreatedOnToolsVersion = 6.0;
					};
					B617F69A19B9288D009EC7D3 = {
						CreatedOnToolsVersion = 6.0;
						TestTargetID = B617F68819B9288D009EC7D3;
					};
				};
			};
			buildConfigurationList = B617F68419B9288D009EC7D3 /* Build configuration list for PBXProject "Facebook" */;
			compatibilityVersion = "Xcode 3.2";
			developmentRegion = English;
			hasScannedForEncodings = 0;
			knownRegions = (
				en,
				Base,
			);
			mainGroup = B617F68019B9288D009EC7D3;
			productRefGroup = B617F68A19B9288D009EC7D3 /* Products */;
			projectDirPath = "";
			projectRoot = "";
			targets = (
				B617F68819B9288D009EC7D3 /* Facebook */,
				B617F69A19B9288D009EC7D3 /* FacebookTests */,
			);
		};
/* End PBXProject section */

/* Begin PBXResourcesBuildPhase section */
		B617F68719B9288D009EC7D3 /* Resources */ = {
			isa = PBXResourcesBuildPhase;
			buildActionMask = 2147483647;
			files = (
				B617F69419B9288D009EC7D3 /* Main.storyboard in Resources */,
				B617F69619B9288D009EC7D3 /* Images.xcassets in Resources */,
			);
			runOnlyForDeploymentPostprocessing = 0;
		};
		B617F69919B9288D009EC7D3 /* Resources */ = {
			isa = PBXResourcesBuildPhase;
			buildActionMask = 2147483647;
			files = (
			);
			runOnlyForDeploymentPostprocessing = 0;
		};
/* End PBXResourcesBuildPhase section */

/* Begin PBXSourcesBuildPhase section */
		B617F68519B9288D009EC7D3 /* Sources */ = {
			isa = PBXSourcesBuildPhase;
			buildActionMask = 2147483647;
			files = (
				B617F6B419B9344B009EC7D3 /* MoreViewController.swift in Sources */,
				B617F6B019B93440009EC7D3 /* MessagesViewController.swift in Sources */,
				B617F69119B9288D009EC7D3 /* ViewController.swift in Sources */,
				B617F6AC19B92F6E009EC7D3 /* FeedViewController.swift in Sources */,
				B617F6B219B93447009EC7D3 /* NotificationsViewController.swift in Sources */,
				B617F6AE19B93439009EC7D3 /* RequestsViewController.swift in Sources */,
				B617F68F19B9288D009EC7D3 /* AppDelegate.swift in Sources */,
				B617F6B819B940FE009EC7D3 /* StatusViewController.swift in Sources */,
				B617F6B619B938E8009EC7D3 /* DetailViewController.swift in Sources */,
				B69FB89519BD769500EC560F /* CheckInViewController.swift in Sources */,
				B69FB89319BD736E00EC560F /* PhotoViewController.swift in Sources */,
			);
			runOnlyForDeploymentPostprocessing = 0;
		};
		B617F69719B9288D009EC7D3 /* Sources */ = {
			isa = PBXSourcesBuildPhase;
			buildActionMask = 2147483647;
			files = (
				B617F6A219B9288E009EC7D3 /* FacebookTests.swift in Sources */,
			);
			runOnlyForDeploymentPostprocessing = 0;
		};
/* End PBXSourcesBuildPhase section */

/* Begin PBXTargetDependency section */
		B617F69D19B9288D009EC7D3 /* PBXTargetDependency */ = {
			isa = PBXTargetDependency;
			target = B617F68819B9288D009EC7D3 /* Facebook */;
			targetProxy = B617F69C19B9288D009EC7D3 /* PBXContainerItemProxy */;
		};
/* End PBXTargetDependency section */

/* Begin PBXVariantGroup section */
		B617F69219B9288D009EC7D3 /* Main.storyboard */ = {
			isa = PBXVariantGroup;
			children = (
				B617F69319B9288D009EC7D3 /* Base */,
			);
			name = Main.storyboard;
			sourceTree = "<group>";
		};
/* End PBXVariantGroup section */

/* Begin XCBuildConfiguration section */
		B617F6A319B9288E009EC7D3 /* Debug */ = {
			isa = XCBuildConfiguration;
			buildSettings = {
				ALWAYS_SEARCH_USER_PATHS = NO;
				CLANG_CXX_LANGUAGE_STANDARD = "gnu++0x";
				CLANG_CXX_LIBRARY = "libc++";
				CLANG_ENABLE_MODULES = YES;
				CLANG_ENABLE_OBJC_ARC = YES;
				CLANG_WARN_BOOL_CONVERSION = YES;
				CLANG_WARN_CONSTANT_CONVERSION = YES;
				CLANG_WARN_DIRECT_OBJC_ISA_USAGE = YES_ERROR;
				CLANG_WARN_EMPTY_BODY = YES;
				CLANG_WARN_ENUM_CONVERSION = YES;
				CLANG_WARN_INT_CONVERSION = YES;
				CLANG_WARN_OBJC_ROOT_CLASS = YES_ERROR;
				CLANG_WARN_UNREACHABLE_CODE = YES;
				CLANG_WARN__DUPLICATE_METHOD_MATCH = YES;
				"CODE_SIGN_IDENTITY[sdk=iphoneos*]" = "iPhone Developer";
				COPY_PHASE_STRIP = NO;
				ENABLE_STRICT_OBJC_MSGSEND = YES;
				GCC_C_LANGUAGE_STANDARD = gnu99;
				GCC_DYNAMIC_NO_PIC = NO;
				GCC_OPTIMIZATION_LEVEL = 0;
				GCC_PREPROCESSOR_DEFINITIONS = (
					"DEBUG=1",
					"$(inherited)",
				);
				GCC_SYMBOLS_PRIVATE_EXTERN = NO;
				GCC_WARN_64_TO_32_BIT_CONVERSION = YES;
				GCC_WARN_ABOUT_RETURN_TYPE = YES_ERROR;
				GCC_WARN_UNDECLARED_SELECTOR = YES;
				GCC_WARN_UNINITIALIZED_AUTOS = YES_AGGRESSIVE;
				GCC_WARN_UNUSED_FUNCTION = YES;
				GCC_WARN_UNUSED_VARIABLE = YES;
				IPHONEOS_DEPLOYMENT_TARGET = 8.0;
				MTL_ENABLE_DEBUG_INFO = YES;
				ONLY_ACTIVE_ARCH = YES;
				SDKROOT = iphoneos;
				SWIFT_OPTIMIZATION_LEVEL = "-Onone";
				TARGETED_DEVICE_FAMILY = "1,2";
			};
			name = Debug;
		};
		B617F6A419B9288E009EC7D3 /* Release */ = {
			isa = XCBuildConfiguration;
			buildSettings = {
				ALWAYS_SEARCH_USER_PATHS = NO;
				CLANG_CXX_LANGUAGE_STANDARD = "gnu++0x";
				CLANG_CXX_LIBRARY = "libc++";
				CLANG_ENABLE_MODULES = YES;
				CLANG_ENABLE_OBJC_ARC = YES;
				CLANG_WARN_BOOL_CONVERSION = YES;
				CLANG_WARN_CONSTANT_CONVERSION = YES;
				CLANG_WARN_DIRECT_OBJC_ISA_USAGE = YES_ERROR;
				CLANG_WARN_EMPTY_BODY = YES;
				CLANG_WARN_ENUM_CONVERSION = YES;
				CLANG_WARN_INT_CONVERSION = YES;
				CLANG_WARN_OBJC_ROOT_CLASS = YES_ERROR;
				CLANG_WARN_UNREACHABLE_CODE = YES;
				CLANG_WARN__DUPLICATE_METHOD_MATCH = YES;
				"CODE_SIGN_IDENTITY[sdk=iphoneos*]" = "iPhone Developer";
				COPY_PHASE_STRIP = YES;
				ENABLE_NS_ASSERTIONS = NO;
				ENABLE_STRICT_OBJC_MSGSEND = YES;
				GCC_C_LANGUAGE_STANDARD = gnu99;
				GCC_WARN_64_TO_32_BIT_CONVERSION = YES;
				GCC_WARN_ABOUT_RETURN_TYPE = YES_ERROR;
				GCC_WARN_UNDECLARED_SELECTOR = YES;
				GCC_WARN_UNINITIALIZED_AUTOS = YES_AGGRESSIVE;
				GCC_WARN_UNUSED_FUNCTION = YES;
				GCC_WARN_UNUSED_VARIABLE = YES;
				IPHONEOS_DEPLOYMENT_TARGET = 8.0;
				MTL_ENABLE_DEBUG_INFO = NO;
				SDKROOT = iphoneos;
				TARGETED_DEVICE_FAMILY = "1,2";
				VALIDATE_PRODUCT = YES;
			};
			name = Release;
		};
		B617F6A619B9288E009EC7D3 /* Debug */ = {
			isa = XCBuildConfiguration;
			buildSettings = {
				ASSETCATALOG_COMPILER_APPICON_NAME = AppIcon;
				ASSETCATALOG_COMPILER_LAUNCHIMAGE_NAME = LaunchImage;
				INFOPLIST_FILE = Facebook/Info.plist;
				LD_RUNPATH_SEARCH_PATHS = "$(inherited) @executable_path/Frameworks";
				PRODUCT_NAME = "$(TARGET_NAME)";
			};
			name = Debug;
		};
		B617F6A719B9288E009EC7D3 /* Release */ = {
			isa = XCBuildConfiguration;
			buildSettings = {
				ASSETCATALOG_COMPILER_APPICON_NAME = AppIcon;
				ASSETCATALOG_COMPILER_LAUNCHIMAGE_NAME = LaunchImage;
				INFOPLIST_FILE = Facebook/Info.plist;
				LD_RUNPATH_SEARCH_PATHS = "$(inherited) @executable_path/Frameworks";
				PRODUCT_NAME = "$(TARGET_NAME)";
			};
			name = Release;
		};
		B617F6A919B9288E009EC7D3 /* Debug */ = {
			isa = XCBuildConfiguration;
			buildSettings = {
				BUNDLE_LOADER = "$(TEST_HOST)";
				FRAMEWORK_SEARCH_PATHS = (
					"$(SDKROOT)/Developer/Library/Frameworks",
					"$(inherited)",
				);
				GCC_PREPROCESSOR_DEFINITIONS = (
					"DEBUG=1",
					"$(inherited)",
				);
				INFOPLIST_FILE = FacebookTests/Info.plist;
				LD_RUNPATH_SEARCH_PATHS = "$(inherited) @executable_path/Frameworks @loader_path/Frameworks";
				PRODUCT_NAME = "$(TARGET_NAME)";
				TEST_HOST = "$(BUILT_PRODUCTS_DIR)/Facebook.app/Facebook";
			};
			name = Debug;
		};
		B617F6AA19B9288E009EC7D3 /* Release */ = {
			isa = XCBuildConfiguration;
			buildSettings = {
				BUNDLE_LOADER = "$(TEST_HOST)";
				FRAMEWORK_SEARCH_PATHS = (
					"$(SDKROOT)/Developer/Library/Frameworks",
					"$(inherited)",
				);
				INFOPLIST_FILE = FacebookTests/Info.plist;
				LD_RUNPATH_SEARCH_PATHS = "$(inherited) @executable_path/Frameworks @loader_path/Frameworks";
				PRODUCT_NAME = "$(TARGET_NAME)";
				TEST_HOST = "$(BUILT_PRODUCTS_DIR)/Facebook.app/Facebook";
			};
			name = Release;
		};
/* End XCBuildConfiguration section */

/* Begin XCConfigurationList section */
		B617F68419B9288D009EC7D3 /* Build configuration list for PBXProject "Facebook" */ = {
			isa = XCConfigurationList;
			buildConfigurations = (
				B617F6A319B9288E009EC7D3 /* Debug */,
				B617F6A419B9288E009EC7D3 /* Release */,
			);
			defaultConfigurationIsVisible = 0;
			defaultConfigurationName = Release;
		};
		B617F6A519B9288E009EC7D3 /* Build configuration list for PBXNativeTarget "Facebook" */ = {
			isa = XCConfigurationList;
			buildConfigurations = (
				B617F6A619B9288E009EC7D3 /* Debug */,
				B617F6A719B9288E009EC7D3 /* Release */,
			);
			defaultConfigurationIsVisible = 0;
			defaultConfigurationName = Release;
		};
		B617F6A819B9288E009EC7D3 /* Build configuration list for PBXNativeTarget "FacebookTests" */ = {
			isa = XCConfigurationList;
			buildConfigurations = (
				B617F6A919B9288E009EC7D3 /* Debug */,
				B617F6AA19B9288E009EC7D3 /* Release */,
			);
			defaultConfigurationIsVisible = 0;
			defaultConfigurationName = Release;
		};
/* End XCConfigurationList section */
	};
	rootObject = B617F68119B9288D009EC7D3 /* Project object */;
}
